// !$*UTF8*$!
{
	archiveVersion = 1;
	classes = {
	};
	objectVersion = 55;
	objects = {

/* Begin PBXBuildFile section */
		9B14FCFB27DADBB200E01D0D /* CollectionViewTableViewCell.swift in Sources */ = {isa = PBXBuildFile; fileRef = 9B14FCFA27DADBB200E01D0D /* CollectionViewTableViewCell.swift */; };
		9B292B3727E035EE008A951B /* APICaller.swift in Sources */ = {isa = PBXBuildFile; fileRef = 9B292B3627E035EE008A951B /* APICaller.swift */; };
		9B292B3927E03CD6008A951B /* Title.swift in Sources */ = {isa = PBXBuildFile; fileRef = 9B292B3827E03CD6008A951B /* Title.swift */; };
		9B292B3B27E052AF008A951B /* Extensions.swift in Sources */ = {isa = PBXBuildFile; fileRef = 9B292B3A27E052AF008A951B /* Extensions.swift */; };
		9B292B3F27E06399008A951B /* TitleCollectionViewCell.swift in Sources */ = {isa = PBXBuildFile; fileRef = 9B292B3E27E06399008A951B /* TitleCollectionViewCell.swift */; };
		9B292B4227E068AB008A951B /* SDWebImage in Frameworks */ = {isa = PBXBuildFile; productRef = 9B292B4127E068AB008A951B /* SDWebImage */; };
		9B292B4427E068AB008A951B /* SDWebImageMapKit in Frameworks */ = {isa = PBXBuildFile; productRef = 9B292B4327E068AB008A951B /* SDWebImageMapKit */; };
		9B4057E127E1C1C90081309D /* SearchResultsViewController.swift in Sources */ = {isa = PBXBuildFile; fileRef = 9B4057E027E1C1C90081309D /* SearchResultsViewController.swift */; };
		9B43EAC527E139CB00084933 /* TitleTableViewCell.swift in Sources */ = {isa = PBXBuildFile; fileRef = 9B43EAC427E139CB00084933 /* TitleTableViewCell.swift */; };
		9B43EAC727E13E7100084933 /* TitleViewModel.swift in Sources */ = {isa = PBXBuildFile; fileRef = 9B43EAC627E13E7100084933 /* TitleViewModel.swift */; };
		9B637FBD27D958E8002D8FD5 /* AppDelegate.swift in Sources */ = {isa = PBXBuildFile; fileRef = 9B637FBC27D958E8002D8FD5 /* AppDelegate.swift */; };
		9B637FBF27D958E8002D8FD5 /* SceneDelegate.swift in Sources */ = {isa = PBXBuildFile; fileRef = 9B637FBE27D958E8002D8FD5 /* SceneDelegate.swift */; };
		9B637FC127D958E8002D8FD5 /* MainTapBarViewController.swift in Sources */ = {isa = PBXBuildFile; fileRef = 9B637FC027D958E8002D8FD5 /* MainTapBarViewController.swift */; };
		9B637FC627D958E9002D8FD5 /* Assets.xcassets in Resources */ = {isa = PBXBuildFile; fileRef = 9B637FC527D958E9002D8FD5 /* Assets.xcassets */; };
		9B637FC927D958E9002D8FD5 /* LaunchScreen.storyboard in Resources */ = {isa = PBXBuildFile; fileRef = 9B637FC727D958E9002D8FD5 /* LaunchScreen.storyboard */; };
		9B637FD427D958E9002D8FD5 /* swift_NetflixTests.swift in Sources */ = {isa = PBXBuildFile; fileRef = 9B637FD327D958E9002D8FD5 /* swift_NetflixTests.swift */; };
		9B637FDE27D958E9002D8FD5 /* swift_NetflixUITests.swift in Sources */ = {isa = PBXBuildFile; fileRef = 9B637FDD27D958E9002D8FD5 /* swift_NetflixUITests.swift */; };
		9B637FE027D958E9002D8FD5 /* swift_NetflixUITestsLaunchTests.swift in Sources */ = {isa = PBXBuildFile; fileRef = 9B637FDF27D958E9002D8FD5 /* swift_NetflixUITestsLaunchTests.swift */; };
		9B637FEE27D95DD1002D8FD5 /* HomeViewController.swift in Sources */ = {isa = PBXBuildFile; fileRef = 9B637FED27D95DD1002D8FD5 /* HomeViewController.swift */; };
		9B637FF027D95DEF002D8FD5 /* UpcomingViewController.swift in Sources */ = {isa = PBXBuildFile; fileRef = 9B637FEF27D95DEF002D8FD5 /* UpcomingViewController.swift */; };
		9B637FF227D95E0D002D8FD5 /* SearchViewController.swift in Sources */ = {isa = PBXBuildFile; fileRef = 9B637FF127D95E0D002D8FD5 /* SearchViewController.swift */; };
		9B637FF427D95E22002D8FD5 /* DownloadsViewController.swift in Sources */ = {isa = PBXBuildFile; fileRef = 9B637FF327D95E22002D8FD5 /* DownloadsViewController.swift */; };
		9B6F6BDE27DD7C3800CD5B42 /* HeroHeaderUIView.swift in Sources */ = {isa = PBXBuildFile; fileRef = 9B6F6BDD27DD7C3800CD5B42 /* HeroHeaderUIView.swift */; };
/* End PBXBuildFile section */

/* Begin PBXContainerItemProxy section */
		9B637FD027D958E9002D8FD5 /* PBXContainerItemProxy */ = {
			isa = PBXContainerItemProxy;
			containerPortal = 9B637FB127D958E8002D8FD5 /* Project object */;
			proxyType = 1;
			remoteGlobalIDString = 9B637FB827D958E8002D8FD5;
			remoteInfo = swift_Netflix;
		};
		9B637FDA27D958E9002D8FD5 /* PBXContainerItemProxy */ = {
			isa = PBXContainerItemProxy;
			containerPortal = 9B637FB127D958E8002D8FD5 /* Project object */;
			proxyType = 1;
			remoteGlobalIDString = 9B637FB827D958E8002D8FD5;
			remoteInfo = swift_Netflix;
		};
/* End PBXContainerItemProxy section */

/* Begin PBXFileReference section */
		9B14FCFA27DADBB200E01D0D /* CollectionViewTableViewCell.swift */ = {isa = PBXFileReference; lastKnownFileType = sourcecode.swift; path = CollectionViewTableViewCell.swift; sourceTree = "<group>"; };
		9B292B3627E035EE008A951B /* APICaller.swift */ = {isa = PBXFileReference; lastKnownFileType = sourcecode.swift; path = APICaller.swift; sourceTree = "<group>"; };
		9B292B3827E03CD6008A951B /* Title.swift */ = {isa = PBXFileReference; lastKnownFileType = sourcecode.swift; path = Title.swift; sourceTree = "<group>"; };
		9B292B3A27E052AF008A951B /* Extensions.swift */ = {isa = PBXFileReference; lastKnownFileType = sourcecode.swift; path = Extensions.swift; sourceTree = "<group>"; };
		9B292B3E27E06399008A951B /* TitleCollectionViewCell.swift */ = {isa = PBXFileReference; lastKnownFileType = sourcecode.swift; path = TitleCollectionViewCell.swift; sourceTree = "<group>"; };
		9B4057E027E1C1C90081309D /* SearchResultsViewController.swift */ = {isa = PBXFileReference; lastKnownFileType = sourcecode.swift; path = SearchResultsViewController.swift; sourceTree = "<group>"; };
		9B43EAC427E139CB00084933 /* TitleTableViewCell.swift */ = {isa = PBXFileReference; lastKnownFileType = sourcecode.swift; path = TitleTableViewCell.swift; sourceTree = "<group>"; };
		9B43EAC627E13E7100084933 /* TitleViewModel.swift */ = {isa = PBXFileReference; lastKnownFileType = sourcecode.swift; path = TitleViewModel.swift; sourceTree = "<group>"; };
		9B637FB927D958E8002D8FD5 /* swift_Netflix.app */ = {isa = PBXFileReference; explicitFileType = wrapper.application; includeInIndex = 0; path = swift_Netflix.app; sourceTree = BUILT_PRODUCTS_DIR; };
		9B637FBC27D958E8002D8FD5 /* AppDelegate.swift */ = {isa = PBXFileReference; lastKnownFileType = sourcecode.swift; path = AppDelegate.swift; sourceTree = "<group>"; };
		9B637FBE27D958E8002D8FD5 /* SceneDelegate.swift */ = {isa = PBXFileReference; lastKnownFileType = sourcecode.swift; path = SceneDelegate.swift; sourceTree = "<group>"; };
		9B637FC027D958E8002D8FD5 /* MainTapBarViewController.swift */ = {isa = PBXFileReference; lastKnownFileType = sourcecode.swift; path = MainTapBarViewController.swift; sourceTree = "<group>"; };
		9B637FC527D958E9002D8FD5 /* Assets.xcassets */ = {isa = PBXFileReference; lastKnownFileType = folder.assetcatalog; path = Assets.xcassets; sourceTree = "<group>"; };
		9B637FC827D958E9002D8FD5 /* Base */ = {isa = PBXFileReference; lastKnownFileType = file.storyboard; name = Base; path = Base.lproj/LaunchScreen.storyboard; sourceTree = "<group>"; };
		9B637FCA27D958E9002D8FD5 /* Info.plist */ = {isa = PBXFileReference; lastKnownFileType = text.plist.xml; path = Info.plist; sourceTree = "<group>"; };
		9B637FCF27D958E9002D8FD5 /* swift_NetflixTests.xctest */ = {isa = PBXFileReference; explicitFileType = wrapper.cfbundle; includeInIndex = 0; path = swift_NetflixTests.xctest; sourceTree = BUILT_PRODUCTS_DIR; };
		9B637FD327D958E9002D8FD5 /* swift_NetflixTests.swift */ = {isa = PBXFileReference; lastKnownFileType = sourcecode.swift; path = swift_NetflixTests.swift; sourceTree = "<group>"; };
		9B637FD927D958E9002D8FD5 /* swift_NetflixUITests.xctest */ = {isa = PBXFileReference; explicitFileType = wrapper.cfbundle; includeInIndex = 0; path = swift_NetflixUITests.xctest; sourceTree = BUILT_PRODUCTS_DIR; };
		9B637FDD27D958E9002D8FD5 /* swift_NetflixUITests.swift */ = {isa = PBXFileReference; lastKnownFileType = sourcecode.swift; path = swift_NetflixUITests.swift; sourceTree = "<group>"; };
		9B637FDF27D958E9002D8FD5 /* swift_NetflixUITestsLaunchTests.swift */ = {isa = PBXFileReference; lastKnownFileType = sourcecode.swift; path = swift_NetflixUITestsLaunchTests.swift; sourceTree = "<group>"; };
		9B637FED27D95DD1002D8FD5 /* HomeViewController.swift */ = {isa = PBXFileReference; lastKnownFileType = sourcecode.swift; path = HomeViewController.swift; sourceTree = "<group>"; };
		9B637FEF27D95DEF002D8FD5 /* UpcomingViewController.swift */ = {isa = PBXFileReference; lastKnownFileType = sourcecode.swift; path = UpcomingViewController.swift; sourceTree = "<group>"; };
		9B637FF127D95E0D002D8FD5 /* SearchViewController.swift */ = {isa = PBXFileReference; lastKnownFileType = sourcecode.swift; path = SearchViewController.swift; sourceTree = "<group>"; };
		9B637FF327D95E22002D8FD5 /* DownloadsViewController.swift */ = {isa = PBXFileReference; lastKnownFileType = sourcecode.swift; path = DownloadsViewController.swift; sourceTree = "<group>"; };
		9B6F6BDD27DD7C3800CD5B42 /* HeroHeaderUIView.swift */ = {isa = PBXFileReference; lastKnownFileType = sourcecode.swift; path = HeroHeaderUIView.swift; sourceTree = "<group>"; };
/* End PBXFileReference section */

/* Begin PBXFrameworksBuildPhase section */
		9B637FB627D958E8002D8FD5 /* Frameworks */ = {
			isa = PBXFrameworksBuildPhase;
			buildActionMask = 2147483647;
			files = (
				9B292B4427E068AB008A951B /* SDWebImageMapKit in Frameworks */,
				9B292B4227E068AB008A951B /* SDWebImage in Frameworks */,
			);
			runOnlyForDeploymentPostprocessing = 0;
		};
		9B637FCC27D958E9002D8FD5 /* Frameworks */ = {
			isa = PBXFrameworksBuildPhase;
			buildActionMask = 2147483647;
			files = (
			);
			runOnlyForDeploymentPostprocessing = 0;
		};
		9B637FD627D958E9002D8FD5 /* Frameworks */ = {
			isa = PBXFrameworksBuildPhase;
			buildActionMask = 2147483647;
			files = (
			);
			runOnlyForDeploymentPostprocessing = 0;
		};
/* End PBXFrameworksBuildPhase section */

/* Begin PBXGroup section */
		9B14FCF527DADAAD00E01D0D /* ViewModels */ = {
			isa = PBXGroup;
			children = (
				9B43EAC627E13E7100084933 /* TitleViewModel.swift */,
			);
			path = ViewModels;
			sourceTree = "<group>";
		};
		9B14FCF627DADAC600E01D0D /* Views */ = {
			isa = PBXGroup;
			children = (
				9B14FCFA27DADBB200E01D0D /* CollectionViewTableViewCell.swift */,
				9B6F6BDD27DD7C3800CD5B42 /* HeroHeaderUIView.swift */,
				9B292B3E27E06399008A951B /* TitleCollectionViewCell.swift */,
				9B43EAC427E139CB00084933 /* TitleTableViewCell.swift */,
			);
			path = Views;
			sourceTree = "<group>";
		};
		9B14FCF727DADAD700E01D0D /* Models */ = {
			isa = PBXGroup;
			children = (
				9B292B3827E03CD6008A951B /* Title.swift */,
			);
			path = Models;
			sourceTree = "<group>";
		};
		9B14FCF827DADB2000E01D0D /* Resources */ = {
			isa = PBXGroup;
			children = (
				9B292B3A27E052AF008A951B /* Extensions.swift */,
			);
			path = Resources;
			sourceTree = "<group>";
		};
		9B14FCF927DADB2C00E01D0D /* Managers */ = {
			isa = PBXGroup;
			children = (
				9B292B3627E035EE008A951B /* APICaller.swift */,
			);
			path = Managers;
			sourceTree = "<group>";
		};
		9B4057E227E1C2210081309D /* Core */ = {
			isa = PBXGroup;
			children = (
				9B637FC027D958E8002D8FD5 /* MainTapBarViewController.swift */,
				9B637FED27D95DD1002D8FD5 /* HomeViewController.swift */,
				9B637FEF27D95DEF002D8FD5 /* UpcomingViewController.swift */,
				9B637FF127D95E0D002D8FD5 /* SearchViewController.swift */,
				9B637FF327D95E22002D8FD5 /* DownloadsViewController.swift */,
			);
			path = Core;
			sourceTree = "<group>";
		};
		9B4057E327E1C27C0081309D /* General */ = {
			isa = PBXGroup;
			children = (
				9B4057E027E1C1C90081309D /* SearchResultsViewController.swift */,
			);
			path = General;
			sourceTree = "<group>";
		};
		9B637FB027D958E8002D8FD5 = {
			isa = PBXGroup;
			children = (
				9B637FBB27D958E8002D8FD5 /* swift_Netflix */,
				9B637FD227D958E9002D8FD5 /* swift_NetflixTests */,
				9B637FDC27D958E9002D8FD5 /* swift_NetflixUITests */,
				9B637FBA27D958E8002D8FD5 /* Products */,
			);
			sourceTree = "<group>";
		};
		9B637FBA27D958E8002D8FD5 /* Products */ = {
			isa = PBXGroup;
			children = (
				9B637FB927D958E8002D8FD5 /* swift_Netflix.app */,
				9B637FCF27D958E9002D8FD5 /* swift_NetflixTests.xctest */,
				9B637FD927D958E9002D8FD5 /* swift_NetflixUITests.xctest */,
			);
			name = Products;
			sourceTree = "<group>";
		};
		9B637FBB27D958E8002D8FD5 /* swift_Netflix */ = {
			isa = PBXGroup;
			children = (
				9B14FCF927DADB2C00E01D0D /* Managers */,
				9B14FCF827DADB2000E01D0D /* Resources */,
				9B14FCF727DADAD700E01D0D /* Models */,
				9B14FCF627DADAC600E01D0D /* Views */,
				9B14FCF527DADAAD00E01D0D /* ViewModels */,
				9B637FEC27D95D88002D8FD5 /* Controllers */,
				9B637FBC27D958E8002D8FD5 /* AppDelegate.swift */,
				9B637FBE27D958E8002D8FD5 /* SceneDelegate.swift */,
				9B637FC527D958E9002D8FD5 /* Assets.xcassets */,
				9B637FC727D958E9002D8FD5 /* LaunchScreen.storyboard */,
				9B637FCA27D958E9002D8FD5 /* Info.plist */,
			);
			path = swift_Netflix;
			sourceTree = "<group>";
		};
		9B637FD227D958E9002D8FD5 /* swift_NetflixTests */ = {
			isa = PBXGroup;
			children = (
				9B637FD327D958E9002D8FD5 /* swift_NetflixTests.swift */,
			);
			path = swift_NetflixTests;
			sourceTree = "<group>";
		};
		9B637FDC27D958E9002D8FD5 /* swift_NetflixUITests */ = {
			isa = PBXGroup;
			children = (
				9B637FDD27D958E9002D8FD5 /* swift_NetflixUITests.swift */,
				9B637FDF27D958E9002D8FD5 /* swift_NetflixUITestsLaunchTests.swift */,
			);
			path = swift_NetflixUITests;
			sourceTree = "<group>";
		};
		9B637FEC27D95D88002D8FD5 /* Controllers */ = {
			isa = PBXGroup;
			children = (
				9B4057E327E1C27C0081309D /* General */,
				9B4057E227E1C2210081309D /* Core */,
			);
			path = Controllers;
			sourceTree = "<group>";
		};
/* End PBXGroup section */

/* Begin PBXNativeTarget section */
		9B637FB827D958E8002D8FD5 /* swift_Netflix */ = {
			isa = PBXNativeTarget;
			buildConfigurationList = 9B637FE327D958E9002D8FD5 /* Build configuration list for PBXNativeTarget "swift_Netflix" */;
			buildPhases = (
				9B637FB527D958E8002D8FD5 /* Sources */,
				9B637FB627D958E8002D8FD5 /* Frameworks */,
				9B637FB727D958E8002D8FD5 /* Resources */,
			);
			buildRules = (
			);
			dependencies = (
			);
			name = swift_Netflix;
			packageProductDependencies = (
				9B292B4127E068AB008A951B /* SDWebImage */,
				9B292B4327E068AB008A951B /* SDWebImageMapKit */,
			);
			productName = swift_Netflix;
			productReference = 9B637FB927D958E8002D8FD5 /* swift_Netflix.app */;
			productType = "com.apple.product-type.application";
		};
		9B637FCE27D958E9002D8FD5 /* swift_NetflixTests */ = {
			isa = PBXNativeTarget;
			buildConfigurationList = 9B637FE627D958E9002D8FD5 /* Build configuration list for PBXNativeTarget "swift_NetflixTests" */;
			buildPhases = (
				9B637FCB27D958E9002D8FD5 /* Sources */,
				9B637FCC27D958E9002D8FD5 /* Frameworks */,
				9B637FCD27D958E9002D8FD5 /* Resources */,
			);
			buildRules = (
			);
			dependencies = (
				9B637FD127D958E9002D8FD5 /* PBXTargetDependency */,
			);
			name = swift_NetflixTests;
			productName = swift_NetflixTests;
			productReference = 9B637FCF27D958E9002D8FD5 /* swift_NetflixTests.xctest */;
			productType = "com.apple.product-type.bundle.unit-test";
		};
		9B637FD827D958E9002D8FD5 /* swift_NetflixUITests */ = {
			isa = PBXNativeTarget;
			buildConfigurationList = 9B637FE927D958E9002D8FD5 /* Build configuration list for PBXNativeTarget "swift_NetflixUITests" */;
			buildPhases = (
				9B637FD527D958E9002D8FD5 /* Sources */,
				9B637FD627D958E9002D8FD5 /* Frameworks */,
				9B637FD727D958E9002D8FD5 /* Resources */,
			);
			buildRules = (
			);
			dependencies = (
				9B637FDB27D958E9002D8FD5 /* PBXTargetDependency */,
			);
			name = swift_NetflixUITests;
			productName = swift_NetflixUITests;
			productReference = 9B637FD927D958E9002D8FD5 /* swift_NetflixUITests.xctest */;
			productType = "com.apple.product-type.bundle.ui-testing";
		};
/* End PBXNativeTarget section */

/* Begin PBXProject section */
		9B637FB127D958E8002D8FD5 /* Project object */ = {
			isa = PBXProject;
			attributes = {
				BuildIndependentTargetsInParallel = 1;
				LastSwiftUpdateCheck = 1320;
				LastUpgradeCheck = 1320;
				TargetAttributes = {
					9B637FB827D958E8002D8FD5 = {
						CreatedOnToolsVersion = 13.2.1;
					};
					9B637FCE27D958E9002D8FD5 = {
						CreatedOnToolsVersion = 13.2.1;
						TestTargetID = 9B637FB827D958E8002D8FD5;
					};
					9B637FD827D958E9002D8FD5 = {
						CreatedOnToolsVersion = 13.2.1;
						TestTargetID = 9B637FB827D958E8002D8FD5;
					};
				};
			};
			buildConfigurationList = 9B637FB427D958E8002D8FD5 /* Build configuration list for PBXProject "swift_Netflix" */;
			compatibilityVersion = "Xcode 13.0";
			developmentRegion = en;
			hasScannedForEncodings = 0;
			knownRegions = (
				en,
				Base,
			);
			mainGroup = 9B637FB027D958E8002D8FD5;
			packageReferences = (
				9B292B4027E068AB008A951B /* XCRemoteSwiftPackageReference "SDWebImage" */,
			);
			productRefGroup = 9B637FBA27D958E8002D8FD5 /* Products */;
			projectDirPath = "";
			projectRoot = "";
			targets = (
				9B637FB827D958E8002D8FD5 /* swift_Netflix */,
				9B637FCE27D958E9002D8FD5 /* swift_NetflixTests */,
				9B637FD827D958E9002D8FD5 /* swift_NetflixUITests */,
			);
		};
/* End PBXProject section */

/* Begin PBXResourcesBuildPhase section */
		9B637FB727D958E8002D8FD5 /* Resources */ = {
			isa = PBXResourcesBuildPhase;
			buildActionMask = 2147483647;
			files = (
				9B637FC927D958E9002D8FD5 /* LaunchScreen.storyboard in Resources */,
				9B637FC627D958E9002D8FD5 /* Assets.xcassets in Resources */,
			);
			runOnlyForDeploymentPostprocessing = 0;
		};
		9B637FCD27D958E9002D8FD5 /* Resources */ = {
			isa = PBXResourcesBuildPhase;
			buildActionMask = 2147483647;
			files = (
			);
			runOnlyForDeploymentPostprocessing = 0;
		};
		9B637FD727D958E9002D8FD5 /* Resources */ = {
			isa = PBXResourcesBuildPhase;
			buildActionMask = 2147483647;
			files = (
			);
			runOnlyForDeploymentPostprocessing = 0;
		};
/* End PBXResourcesBuildPhase section */

/* Begin PBXSourcesBuildPhase section */
		9B637FB527D958E8002D8FD5 /* Sources */ = {
			isa = PBXSourcesBuildPhase;
			buildActionMask = 2147483647;
			files = (
				9B43EAC527E139CB00084933 /* TitleTableViewCell.swift in Sources */,
				9B637FF227D95E0D002D8FD5 /* SearchViewController.swift in Sources */,
				9B292B3F27E06399008A951B /* TitleCollectionViewCell.swift in Sources */,
				9B637FC127D958E8002D8FD5 /* MainTapBarViewController.swift in Sources */,
				9B14FCFB27DADBB200E01D0D /* CollectionViewTableViewCell.swift in Sources */,
				9B292B3727E035EE008A951B /* APICaller.swift in Sources */,
				9B6F6BDE27DD7C3800CD5B42 /* HeroHeaderUIView.swift in Sources */,
				9B637FF427D95E22002D8FD5 /* DownloadsViewController.swift in Sources */,
				9B637FBD27D958E8002D8FD5 /* AppDelegate.swift in Sources */,
				9B4057E127E1C1C90081309D /* SearchResultsViewController.swift in Sources */,
				9B292B3B27E052AF008A951B /* Extensions.swift in Sources */,
				9B637FBF27D958E8002D8FD5 /* SceneDelegate.swift in Sources */,
				9B637FF027D95DEF002D8FD5 /* UpcomingViewController.swift in Sources */,
				9B292B3927E03CD6008A951B /* Title.swift in Sources */,
				9B637FEE27D95DD1002D8FD5 /* HomeViewController.swift in Sources */,
				9B43EAC727E13E7100084933 /* TitleViewModel.swift in Sources */,
			);
			runOnlyForDeploymentPostprocessing = 0;
		};
		9B637FCB27D958E9002D8FD5 /* Sources */ = {
			isa = PBXSourcesBuildPhase;
			buildActionMask = 2147483647;
			files = (
				9B637FD427D958E9002D8FD5 /* swift_NetflixTests.swift in Sources */,
			);
			runOnlyForDeploymentPostprocessing = 0;
		};
		9B637FD527D958E9002D8FD5 /* Sources */ = {
			isa = PBXSourcesBuildPhase;
			buildActionMask = 2147483647;
			files = (
				9B637FDE27D958E9002D8FD5 /* swift_NetflixUITests.swift in Sources */,
				9B637FE027D958E9002D8FD5 /* swift_NetflixUITestsLaunchTests.swift in Sources */,
			);
			runOnlyForDeploymentPostprocessing = 0;
		};
/* End PBXSourcesBuildPhase section */

/* Begin PBXTargetDependency section */
		9B637FD127D958E9002D8FD5 /* PBXTargetDependency */ = {
			isa = PBXTargetDependency;
			target = 9B637FB827D958E8002D8FD5 /* swift_Netflix */;
			targetProxy = 9B637FD027D958E9002D8FD5 /* PBXContainerItemProxy */;
		};
		9B637FDB27D958E9002D8FD5 /* PBXTargetDependency */ = {
			isa = PBXTargetDependency;
			target = 9B637FB827D958E8002D8FD5 /* swift_Netflix */;
			targetProxy = 9B637FDA27D958E9002D8FD5 /* PBXContainerItemProxy */;
		};
/* End PBXTargetDependency section */

/* Begin PBXVariantGroup section */
		9B637FC727D958E9002D8FD5 /* LaunchScreen.storyboard */ = {
			isa = PBXVariantGroup;
			children = (
				9B637FC827D958E9002D8FD5 /* Base */,
			);
			name = LaunchScreen.storyboard;
			sourceTree = "<group>";
		};
/* End PBXVariantGroup section */

/* Begin XCBuildConfiguration section */
		9B637FE127D958E9002D8FD5 /* Debug */ = {
			isa = XCBuildConfiguration;
			buildSettings = {
				ALWAYS_SEARCH_USER_PATHS = NO;
				CLANG_ANALYZER_NONNULL = YES;
				CLANG_ANALYZER_NUMBER_OBJECT_CONVERSION = YES_AGGRESSIVE;
				CLANG_CXX_LANGUAGE_STANDARD = "gnu++17";
				CLANG_CXX_LIBRARY = "libc++";
				CLANG_ENABLE_MODULES = YES;
				CLANG_ENABLE_OBJC_ARC = YES;
				CLANG_ENABLE_OBJC_WEAK = YES;
				CLANG_WARN_BLOCK_CAPTURE_AUTORELEASING = YES;
				CLANG_WARN_BOOL_CONVERSION = YES;
				CLANG_WARN_COMMA = YES;
				CLANG_WARN_CONSTANT_CONVERSION = YES;
				CLANG_WARN_DEPRECATED_OBJC_IMPLEMENTATIONS = YES;
				CLANG_WARN_DIRECT_OBJC_ISA_USAGE = YES_ERROR;
				CLANG_WARN_DOCUMENTATION_COMMENTS = YES;
				CLANG_WARN_EMPTY_BODY = YES;
				CLANG_WARN_ENUM_CONVERSION = YES;
				CLANG_WARN_INFINITE_RECURSION = YES;
				CLANG_WARN_INT_CONVERSION = YES;
				CLANG_WARN_NON_LITERAL_NULL_CONVERSION = YES;
				CLANG_WARN_OBJC_IMPLICIT_RETAIN_SELF = YES;
				CLANG_WARN_OBJC_LITERAL_CONVERSION = YES;
				CLANG_WARN_OBJC_ROOT_CLASS = YES_ERROR;
				CLANG_WARN_QUOTED_INCLUDE_IN_FRAMEWORK_HEADER = YES;
				CLANG_WARN_RANGE_LOOP_ANALYSIS = YES;
				CLANG_WARN_STRICT_PROTOTYPES = YES;
				CLANG_WARN_SUSPICIOUS_MOVE = YES;
				CLANG_WARN_UNGUARDED_AVAILABILITY = YES_AGGRESSIVE;
				CLANG_WARN_UNREACHABLE_CODE = YES;
				CLANG_WARN__DUPLICATE_METHOD_MATCH = YES;
				COPY_PHASE_STRIP = NO;
				DEBUG_INFORMATION_FORMAT = dwarf;
				ENABLE_STRICT_OBJC_MSGSEND = YES;
				ENABLE_TESTABILITY = YES;
				GCC_C_LANGUAGE_STANDARD = gnu11;
				GCC_DYNAMIC_NO_PIC = NO;
				GCC_NO_COMMON_BLOCKS = YES;
				GCC_OPTIMIZATION_LEVEL = 0;
				GCC_PREPROCESSOR_DEFINITIONS = (
					"DEBUG=1",
					"$(inherited)",
				);
				GCC_WARN_64_TO_32_BIT_CONVERSION = YES;
				GCC_WARN_ABOUT_RETURN_TYPE = YES_ERROR;
				GCC_WARN_UNDECLARED_SELECTOR = YES;
				GCC_WARN_UNINITIALIZED_AUTOS = YES_AGGRESSIVE;
				GCC_WARN_UNUSED_FUNCTION = YES;
				GCC_WARN_UNUSED_VARIABLE = YES;
				IPHONEOS_DEPLOYMENT_TARGET = 12.4;
				MTL_ENABLE_DEBUG_INFO = INCLUDE_SOURCE;
				MTL_FAST_MATH = YES;
				ONLY_ACTIVE_ARCH = YES;
				SDKROOT = iphoneos;
				SWIFT_ACTIVE_COMPILATION_CONDITIONS = DEBUG;
				SWIFT_OPTIMIZATION_LEVEL = "-Onone";
			};
			name = Debug;
		};
		9B637FE227D958E9002D8FD5 /* Release */ = {
			isa = XCBuildConfiguration;
			buildSettings = {
				ALWAYS_SEARCH_USER_PATHS = NO;
				CLANG_ANALYZER_NONNULL = YES;
				CLANG_ANALYZER_NUMBER_OBJECT_CONVERSION = YES_AGGRESSIVE;
				CLANG_CXX_LANGUAGE_STANDARD = "gnu++17";
				CLANG_CXX_LIBRARY = "libc++";
				CLANG_ENABLE_MODULES = YES;
				CLANG_ENABLE_OBJC_ARC = YES;
				CLANG_ENABLE_OBJC_WEAK = YES;
				CLANG_WARN_BLOCK_CAPTURE_AUTORELEASING = YES;
				CLANG_WARN_BOOL_CONVERSION = YES;
				CLANG_WARN_COMMA = YES;
				CLANG_WARN_CONSTANT_CONVERSION = YES;
				CLANG_WARN_DEPRECATED_OBJC_IMPLEMENTATIONS = YES;
				CLANG_WARN_DIRECT_OBJC_ISA_USAGE = YES_ERROR;
				CLANG_WARN_DOCUMENTATION_COMMENTS = YES;
				CLANG_WARN_EMPTY_BODY = YES;
				CLANG_WARN_ENUM_CONVERSION = YES;
				CLANG_WARN_INFINITE_RECURSION = YES;
				CLANG_WARN_INT_CONVERSION = YES;
				CLANG_WARN_NON_LITERAL_NULL_CONVERSION = YES;
				CLANG_WARN_OBJC_IMPLICIT_RETAIN_SELF = YES;
				CLANG_WARN_OBJC_LITERAL_CONVERSION = YES;
				CLANG_WARN_OBJC_ROOT_CLASS = YES_ERROR;
				CLANG_WARN_QUOTED_INCLUDE_IN_FRAMEWORK_HEADER = YES;
				CLANG_WARN_RANGE_LOOP_ANALYSIS = YES;
				CLANG_WARN_STRICT_PROTOTYPES = YES;
				CLANG_WARN_SUSPICIOUS_MOVE = YES;
				CLANG_WARN_UNGUARDED_AVAILABILITY = YES_AGGRESSIVE;
				CLANG_WARN_UNREACHABLE_CODE = YES;
				CLANG_WARN__DUPLICATE_METHOD_MATCH = YES;
				COPY_PHASE_STRIP = NO;
				DEBUG_INFORMATION_FORMAT = "dwarf-with-dsym";
				ENABLE_NS_ASSERTIONS = NO;
				ENABLE_STRICT_OBJC_MSGSEND = YES;
				GCC_C_LANGUAGE_STANDARD = gnu11;
				GCC_NO_COMMON_BLOCKS = YES;
				GCC_WARN_64_TO_32_BIT_CONVERSION = YES;
				GCC_WARN_ABOUT_RETURN_TYPE = YES_ERROR;
				GCC_WARN_UNDECLARED_SELECTOR = YES;
				GCC_WARN_UNINITIALIZED_AUTOS = YES_AGGRESSIVE;
				GCC_WARN_UNUSED_FUNCTION = YES;
				GCC_WARN_UNUSED_VARIABLE = YES;
				IPHONEOS_DEPLOYMENT_TARGET = 12.4;
				MTL_ENABLE_DEBUG_INFO = NO;
				MTL_FAST_MATH = YES;
				SDKROOT = iphoneos;
				SWIFT_COMPILATION_MODE = wholemodule;
				SWIFT_OPTIMIZATION_LEVEL = "-O";
				VALIDATE_PRODUCT = YES;
			};
			name = Release;
		};
		9B637FE427D958E9002D8FD5 /* Debug */ = {
			isa = XCBuildConfiguration;
			buildSettings = {
				ASSETCATALOG_COMPILER_APPICON_NAME = AppIcon;
				ASSETCATALOG_COMPILER_GLOBAL_ACCENT_COLOR_NAME = AccentColor;
				CODE_SIGN_STYLE = Automatic;
				CURRENT_PROJECT_VERSION = 1;
				DEVELOPMENT_TEAM = JUG5Q2JKZC;
				GENERATE_INFOPLIST_FILE = YES;
				INFOPLIST_FILE = swift_Netflix/Info.plist;
				INFOPLIST_KEY_UIApplicationSupportsIndirectInputEvents = YES;
				INFOPLIST_KEY_UILaunchStoryboardName = LaunchScreen;
				INFOPLIST_KEY_UISupportedInterfaceOrientations_iPad = "UIInterfaceOrientationPortrait UIInterfaceOrientationPortraitUpsideDown UIInterfaceOrientationLandscapeLeft UIInterfaceOrientationLandscapeRight";
				INFOPLIST_KEY_UISupportedInterfaceOrientations_iPhone = "UIInterfaceOrientationPortrait UIInterfaceOrientationLandscapeLeft UIInterfaceOrientationLandscapeRight";
				IPHONEOS_DEPLOYMENT_TARGET = 14.2;
				LD_RUNPATH_SEARCH_PATHS = (
					"$(inherited)",
					"@executable_path/Frameworks",
				);
				MARKETING_VERSION = 1.0;
				PRODUCT_BUNDLE_IDENTIFIER = "com.app.swift.swift-Netflix";
				PRODUCT_NAME = "$(TARGET_NAME)";
				SWIFT_EMIT_LOC_STRINGS = YES;
				SWIFT_VERSION = 5.0;
				TARGETED_DEVICE_FAMILY = 1;
			};
			name = Debug;
		};
		9B637FE527D958E9002D8FD5 /* Release */ = {
			isa = XCBuildConfiguration;
			buildSettings = {
				ASSETCATALOG_COMPILER_APPICON_NAME = AppIcon;
				ASSETCATALOG_COMPILER_GLOBAL_ACCENT_COLOR_NAME = AccentColor;
				CODE_SIGN_STYLE = Automatic;
				CURRENT_PROJECT_VERSION = 1;
				DEVELOPMENT_TEAM = JUG5Q2JKZC;
				GENERATE_INFOPLIST_FILE = YES;
				INFOPLIST_FILE = swift_Netflix/Info.plist;
				INFOPLIST_KEY_UIApplicationSupportsIndirectInputEvents = YES;
				INFOPLIST_KEY_UILaunchStoryboardName = LaunchScreen;
				INFOPLIST_KEY_UISupportedInterfaceOrientations_iPad = "UIInterfaceOrientationPortrait UIInterfaceOrientationPortraitUpsideDown UIInterfaceOrientationLandscapeLeft UIInterfaceOrientationLandscapeRight";
				INFOPLIST_KEY_UISupportedInterfaceOrientations_iPhone = "UIInterfaceOrientationPortrait UIInterfaceOrientationLandscapeLeft UIInterfaceOrientationLandscapeRight";
				IPHONEOS_DEPLOYMENT_TARGET = 14.2;
				LD_RUNPATH_SEARCH_PATHS = (
					"$(inherited)",
					"@executable_path/Frameworks",
				);
				MARKETING_VERSION = 1.0;
				PRODUCT_BUNDLE_IDENTIFIER = "com.app.swift.swift-Netflix";
				PRODUCT_NAME = "$(TARGET_NAME)";
				SWIFT_EMIT_LOC_STRINGS = YES;
				SWIFT_VERSION = 5.0;
				TARGETED_DEVICE_FAMILY = 1;
			};
			name = Release;
		};
		9B637FE727D958E9002D8FD5 /* Debug */ = {
			isa = XCBuildConfiguration;
			buildSettings = {
				ALWAYS_EMBED_SWIFT_STANDARD_LIBRARIES = YES;
				BUNDLE_LOADER = "$(TEST_HOST)";
				CODE_SIGN_STYLE = Automatic;
				CURRENT_PROJECT_VERSION = 1;
				DEVELOPMENT_TEAM = JUG5Q2JKZC;
				GENERATE_INFOPLIST_FILE = YES;
				IPHONEOS_DEPLOYMENT_TARGET = 15.2;
				MARKETING_VERSION = 1.0;
				PRODUCT_BUNDLE_IDENTIFIER = "com.app.swift.swift-NetflixTests";
				PRODUCT_NAME = "$(TARGET_NAME)";
				SWIFT_EMIT_LOC_STRINGS = NO;
				SWIFT_VERSION = 5.0;
				TARGETED_DEVICE_FAMILY = "1,2";
				TEST_HOST = "$(BUILT_PRODUCTS_DIR)/swift_Netflix.app/swift_Netflix";
			};
			name = Debug;
		};
		9B637FE827D958E9002D8FD5 /* Release */ = {
			isa = XCBuildConfiguration;
			buildSettings = {
				ALWAYS_EMBED_SWIFT_STANDARD_LIBRARIES = YES;
				BUNDLE_LOADER = "$(TEST_HOST)";
				CODE_SIGN_STYLE = Automatic;
				CURRENT_PROJECT_VERSION = 1;
				DEVELOPMENT_TEAM = JUG5Q2JKZC;
				GENERATE_INFOPLIST_FILE = YES;
				IPHONEOS_DEPLOYMENT_TARGET = 15.2;
				MARKETING_VERSION = 1.0;
				PRODUCT_BUNDLE_IDENTIFIER = "com.app.swift.swift-NetflixTests";
				PRODUCT_NAME = "$(TARGET_NAME)";
				SWIFT_EMIT_LOC_STRINGS = NO;
				SWIFT_VERSION = 5.0;
				TARGETED_DEVICE_FAMILY = "1,2";
				TEST_HOST = "$(BUILT_PRODUCTS_DIR)/swift_Netflix.app/swift_Netflix";
			};
			name = Release;
		};
		9B637FEA27D958E9002D8FD5 /* Debug */ = {
			isa = XCBuildConfiguration;
			buildSettings = {
				ALWAYS_EMBED_SWIFT_STANDARD_LIBRARIES = YES;
				CODE_SIGN_STYLE = Automatic;
				CURRENT_PROJECT_VERSION = 1;
				DEVELOPMENT_TEAM = JUG5Q2JKZC;
				GENERATE_INFOPLIST_FILE = YES;
				MARKETING_VERSION = 1.0;
				PRODUCT_BUNDLE_IDENTIFIER = "com.app.swift.swift-NetflixUITests";
				PRODUCT_NAME = "$(TARGET_NAME)";
				SWIFT_EMIT_LOC_STRINGS = NO;
				SWIFT_VERSION = 5.0;
				TARGETED_DEVICE_FAMILY = "1,2";
				TEST_TARGET_NAME = swift_Netflix;
			};
			name = Debug;
		};
		9B637FEB27D958E9002D8FD5 /* Release */ = {
			isa = XCBuildConfiguration;
			buildSettings = {
				ALWAYS_EMBED_SWIFT_STANDARD_LIBRARIES = YES;
				CODE_SIGN_STYLE = Automatic;
				CURRENT_PROJECT_VERSION = 1;
				DEVELOPMENT_TEAM = JUG5Q2JKZC;
				GENERATE_INFOPLIST_FILE = YES;
				MARKETING_VERSION = 1.0;
				PRODUCT_BUNDLE_IDENTIFIER = "com.app.swift.swift-NetflixUITests";
				PRODUCT_NAME = "$(TARGET_NAME)";
				SWIFT_EMIT_LOC_STRINGS = NO;
				SWIFT_VERSION = 5.0;
				TARGETED_DEVICE_FAMILY = "1,2";
				TEST_TARGET_NAME = swift_Netflix;
			};
			name = Release;
		};
/* End XCBuildConfiguration section */

/* Begin XCConfigurationList section */
		9B637FB427D958E8002D8FD5 /* Build configuration list for PBXProject "swift_Netflix" */ = {
			isa = XCConfigurationList;
			buildConfigurations = (
				9B637FE127D958E9002D8FD5 /* Debug */,
				9B637FE227D958E9002D8FD5 /* Release */,
			);
			defaultConfigurationIsVisible = 0;
			defaultConfigurationName = Release;
		};
		9B637FE327D958E9002D8FD5 /* Build configuration list for PBXNativeTarget "swift_Netflix" */ = {
			isa = XCConfigurationList;
			buildConfigurations = (
				9B637FE427D958E9002D8FD5 /* Debug */,
				9B637FE527D958E9002D8FD5 /* Release */,
			);
			defaultConfigurationIsVisible = 0;
			defaultConfigurationName = Release;
		};
		9B637FE627D958E9002D8FD5 /* Build configuration list for PBXNativeTarget "swift_NetflixTests" */ = {
			isa = XCConfigurationList;
			buildConfigurations = (
				9B637FE727D958E9002D8FD5 /* Debug */,
				9B637FE827D958E9002D8FD5 /* Release */,
			);
			defaultConfigurationIsVisible = 0;
			defaultConfigurationName = Release;
		};
		9B637FE927D958E9002D8FD5 /* Build configuration list for PBXNativeTarget "swift_NetflixUITests" */ = {
			isa = XCConfigurationList;
			buildConfigurations = (
				9B637FEA27D958E9002D8FD5 /* Debug */,
				9B637FEB27D958E9002D8FD5 /* Release */,
			);
			defaultConfigurationIsVisible = 0;
			defaultConfigurationName = Release;
		};
/* End XCConfigurationList section */

/* Begin XCRemoteSwiftPackageReference section */
		9B292B4027E068AB008A951B /* XCRemoteSwiftPackageReference "SDWebImage" */ = {
			isa = XCRemoteSwiftPackageReference;
			repositoryURL = "https://github.com/SDWebImage/SDWebImage.git";
			requirement = {
				kind = upToNextMajorVersion;
				minimumVersion = 5.0.0;
			};
		};
/* End XCRemoteSwiftPackageReference section */

/* Begin XCSwiftPackageProductDependency section */
		9B292B4127E068AB008A951B /* SDWebImage */ = {
			isa = XCSwiftPackageProductDependency;
			package = 9B292B4027E068AB008A951B /* XCRemoteSwiftPackageReference "SDWebImage" */;
			productName = SDWebImage;
		};
		9B292B4327E068AB008A951B /* SDWebImageMapKit */ = {
			isa = XCSwiftPackageProductDependency;
			package = 9B292B4027E068AB008A951B /* XCRemoteSwiftPackageReference "SDWebImage" */;
			productName = SDWebImageMapKit;
		};
/* End XCSwiftPackageProductDependency section */
	};
	rootObject = 9B637FB127D958E8002D8FD5 /* Project object */;
}
